
Microsoft Visual Studio Solution File, Format Version 12.00
# Visual Studio 2012
Project("{FAE04EC0-301F-11D3-BF4B-00C04F79EFBC}") = "VisualForge", "VisualForge\VisualForge.csproj", "{9184961D-C038-4D0C-88DB-546B840F8705}"
EndProject
Project("{FAE04EC0-301F-11D3-BF4B-00C04F79EFBC}") = "VisualForge.Usermaps", "VisualForge.Usermaps\VisualForge.Usermaps.csproj", "{49821846-A75A-4491-B5F3-38C105A433BA}"
EndProject
Project("{FAE04EC0-301F-11D3-BF4B-00C04F79EFBC}") = "VisualForge.IO", "VisualForge.IO\VisualForge.IO.csproj", "{54F3E2A7-7D40-483D-A297-3038B89A9AFC}"
EndProject
Project("{FAE04EC0-301F-11D3-BF4B-00C04F79EFBC}") = "VisualForge.Core", "VisualForge.Core\VisualForge.Core.csproj", "{277D2FF9-3427-416B-9754-7B3E9A68B4FF}"
EndProject
Project("{2150E333-8FDC-42A3-9474-1A3956D46DE8}") = ".nuget", ".nuget", "{74AC1D5E-BBBE-467E-A829-2BEEB16C9BB5}"
	ProjectSection(SolutionItems) = preProject
		.nuget\NuGet.Config = .nuget\NuGet.Config
		.nuget\NuGet.exe = .nuget\NuGet.exe
		.nuget\NuGet.targets = .nuget\NuGet.targets
	EndProjectSection
EndProject
Project("{FAE04EC0-301F-11D3-BF4B-00C04F79EFBC}") = "VisualForge.Helix.Plugins", "VisualForge.Helix.Plugins\VisualForge.Helix.Plugins.csproj", "{EFEAD3BC-8110-4EE2-B421-9EF9BBFDCCCE}"
EndProject
Project("{FAE04EC0-301F-11D3-BF4B-00C04F79EFBC}") = "VisualForge.XNA", "VisualForge.XNA\VisualForge.XNA\VisualForge.XNA.csproj", "{F3E5404F-B26B-4CDE-B9FF-74659151F032}"
EndProject
Project("{96E2B04D-8817-42C6-938A-82C39BA4D311}") = "VisualForge.XNAContent", "VisualForge.XNA\VisualForge.XNAContent\VisualForge.XNAContent.contentproj", "{83459FEE-697D-4BF6-9B5A-6795F4E04B09}"
EndProject
Global
	GlobalSection(SolutionConfigurationPlatforms) = preSolution
		Debug|Any CPU = Debug|Any CPU
		Debug|Mixed Platforms = Debug|Mixed Platforms
		Debug|x86 = Debug|x86
		Release|Any CPU = Release|Any CPU
		Release|Mixed Platforms = Release|Mixed Platforms
		Release|x86 = Release|x86
	EndGlobalSection
	GlobalSection(ProjectConfigurationPlatforms) = postSolution
		{9184961D-C038-4D0C-88DB-546B840F8705}.Debug|Any CPU.ActiveCfg = Debug|Any CPU
		{9184961D-C038-4D0C-88DB-546B840F8705}.Debug|Any CPU.Build.0 = Debug|Any CPU
		{9184961D-C038-4D0C-88DB-546B840F8705}.Debug|Mixed Platforms.ActiveCfg = Debug|x86
		{9184961D-C038-4D0C-88DB-546B840F8705}.Debug|Mixed Platforms.Build.0 = Debug|x86
		{9184961D-C038-4D0C-88DB-546B840F8705}.Debug|x86.ActiveCfg = Debug|x86
		{9184961D-C038-4D0C-88DB-546B840F8705}.Debug|x86.Build.0 = Debug|x86
		{9184961D-C038-4D0C-88DB-546B840F8705}.Release|Any CPU.ActiveCfg = Release|Any CPU
		{9184961D-C038-4D0C-88DB-546B840F8705}.Release|Any CPU.Build.0 = Release|Any CPU
		{9184961D-C038-4D0C-88DB-546B840F8705}.Release|Mixed Platforms.ActiveCfg = Release|x86
		{9184961D-C038-4D0C-88DB-546B840F8705}.Release|Mixed Platforms.Build.0 = Release|x86
		{9184961D-C038-4D0C-88DB-546B840F8705}.Release|x86.ActiveCfg = Release|x86
		{9184961D-C038-4D0C-88DB-546B840F8705}.Release|x86.Build.0 = Release|x86
		{49821846-A75A-4491-B5F3-38C105A433BA}.Debug|Any CPU.ActiveCfg = Debug|Any CPU
		{49821846-A75A-4491-B5F3-38C105A433BA}.Debug|Any CPU.Build.0 = Debug|Any CPU
		{49821846-A75A-4491-B5F3-38C105A433BA}.Debug|Mixed Platforms.ActiveCfg = Debug|x86
		{49821846-A75A-4491-B5F3-38C105A433BA}.Debug|Mixed Platforms.Build.0 = Debug|x86
		{49821846-A75A-4491-B5F3-38C105A433BA}.Debug|x86.ActiveCfg = Debug|x86
		{49821846-A75A-4491-B5F3-38C105A433BA}.Debug|x86.Build.0 = Debug|x86
		{49821846-A75A-4491-B5F3-38C105A433BA}.Release|Any CPU.ActiveCfg = Release|Any CPU
		{49821846-A75A-4491-B5F3-38C105A433BA}.Release|Any CPU.Build.0 = Release|Any CPU
		{49821846-A75A-4491-B5F3-38C105A433BA}.Release|Mixed Platforms.ActiveCfg = Release|x86
		{49821846-A75A-4491-B5F3-38C105A433BA}.Release|Mixed Platforms.Build.0 = Release|x86
		{49821846-A75A-4491-B5F3-38C105A433BA}.Release|x86.ActiveCfg = Release|x86
		{49821846-A75A-4491-B5F3-38C105A433BA}.Release|x86.Build.0 = Release|x86
		{54F3E2A7-7D40-483D-A297-3038B89A9AFC}.Debug|Any CPU.ActiveCfg = Debug|Any CPU
		{54F3E2A7-7D40-483D-A297-3038B89A9AFC}.Debug|Any CPU.Build.0 = Debug|Any CPU
		{54F3E2A7-7D40-483D-A297-3038B89A9AFC}.Debug|Mixed Platforms.ActiveCfg = Debug|x86
		{54F3E2A7-7D40-483D-A297-3038B89A9AFC}.Debug|Mixed Platforms.Build.0 = Debug|x86
		{54F3E2A7-7D40-483D-A297-3038B89A9AFC}.Debug|x86.ActiveCfg = Debug|x86
		{54F3E2A7-7D40-483D-A297-3038B89A9AFC}.Debug|x86.Build.0 = Debug|x86
		{54F3E2A7-7D40-483D-A297-3038B89A9AFC}.Release|Any CPU.ActiveCfg = Release|Any CPU
		{54F3E2A7-7D40-483D-A297-3038B89A9AFC}.Release|Any CPU.Build.0 = Release|Any CPU
		{54F3E2A7-7D40-483D-A297-3038B89A9AFC}.Release|Mixed Platforms.ActiveCfg = Release|x86
		{54F3E2A7-7D40-483D-A297-3038B89A9AFC}.Release|Mixed Platforms.Build.0 = Release|x86
		{54F3E2A7-7D40-483D-A297-3038B89A9AFC}.Release|x86.ActiveCfg = Release|x86
		{54F3E2A7-7D40-483D-A297-3038B89A9AFC}.Release|x86.Build.0 = Release|x86
		{277D2FF9-3427-416B-9754-7B3E9A68B4FF}.Debug|Any CPU.ActiveCfg = Debug|Any CPU
		{277D2FF9-3427-416B-9754-7B3E9A68B4FF}.Debug|Any CPU.Build.0 = Debug|Any CPU
		{277D2FF9-3427-416B-9754-7B3E9A68B4FF}.Debug|Mixed Platforms.ActiveCfg = Debug|x86
		{277D2FF9-3427-416B-9754-7B3E9A68B4FF}.Debug|Mixed Platforms.Build.0 = Debug|x86
		{277D2FF9-3427-416B-9754-7B3E9A68B4FF}.Debug|x86.ActiveCfg = Debug|x86
		{277D2FF9-3427-416B-9754-7B3E9A68B4FF}.Debug|x86.Build.0 = Debug|x86
		{277D2FF9-3427-416B-9754-7B3E9A68B4FF}.Release|Any CPU.ActiveCfg = Release|Any CPU
		{277D2FF9-3427-416B-9754-7B3E9A68B4FF}.Release|Any CPU.Build.0 = Release|Any CPU
		{277D2FF9-3427-416B-9754-7B3E9A68B4FF}.Release|Mixed Platforms.ActiveCfg = Release|x86
		{277D2FF9-3427-416B-9754-7B3E9A68B4FF}.Release|Mixed Platforms.Build.0 = Release|x86
		{277D2FF9-3427-416B-9754-7B3E9A68B4FF}.Release|x86.ActiveCfg = Release|x86
		{277D2FF9-3427-416B-9754-7B3E9A68B4FF}.Release|x86.Build.0 = Release|x86
		{EFEAD3BC-8110-4EE2-B421-9EF9BBFDCCCE}.Debug|Any CPU.ActiveCfg = Debug|Any CPU
		{EFEAD3BC-8110-4EE2-B421-9EF9BBFDCCCE}.Debug|Any CPU.Build.0 = Debug|Any CPU
		{EFEAD3BC-8110-4EE2-B421-9EF9BBFDCCCE}.Debug|Mixed Platforms.ActiveCfg = Debug|Any CPU
		{EFEAD3BC-8110-4EE2-B421-9EF9BBFDCCCE}.Debug|Mixed Platforms.Build.0 = Debug|Any CPU
		{EFEAD3BC-8110-4EE2-B421-9EF9BBFDCCCE}.Debug|x86.ActiveCfg = Debug|Any CPU
		{EFEAD3BC-8110-4EE2-B421-9EF9BBFDCCCE}.Release|Any CPU.ActiveCfg = Release|Any CPU
		{EFEAD3BC-8110-4EE2-B421-9EF9BBFDCCCE}.Release|Any CPU.Build.0 = Release|Any CPU
		{EFEAD3BC-8110-4EE2-B421-9EF9BBFDCCCE}.Release|Mixed Platforms.ActiveCfg = Release|Any CPU
		{EFEAD3BC-8110-4EE2-B421-9EF9BBFDCCCE}.Release|Mixed Platforms.Build.0 = Release|Any CPU
		{EFEAD3BC-8110-4EE2-B421-9EF9BBFDCCCE}.Release|x86.ActiveCfg = Release|Any CPU
		{F3E5404F-B26B-4CDE-B9FF-74659151F032}.Debug|Any CPU.ActiveCfg = Debug|x86
		{F3E5404F-B26B-4CDE-B9FF-74659151F032}.Debug|Mixed Platforms.ActiveCfg = Debug|x86
		{F3E5404F-B26B-4CDE-B9FF-74659151F032}.Debug|Mixed Platforms.Build.0 = Debug|x86
		{F3E5404F-B26B-4CDE-B9FF-74659151F032}.Debug|x86.ActiveCfg = Debug|x86
		{F3E5404F-B26B-4CDE-B9FF-74659151F032}.Debug|x86.Build.0 = Debug|x86
		{F3E5404F-B26B-4CDE-B9FF-74659151F032}.Release|Any CPU.ActiveCfg = Release|x86
		{F3E5404F-B26B-4CDE-B9FF-74659151F032}.Release|Mixed Platforms.ActiveCfg = Release|x86
		{F3E5404F-B26B-4CDE-B9FF-74659151F032}.Release|Mixed Platforms.Build.0 = Release|x86
		{F3E5404F-B26B-4CDE-B9FF-74659151F032}.Release|x86.ActiveCfg = Release|x86
		{F3E5404F-B26B-4CDE-B9FF-74659151F032}.Release|x86.Build.0 = Release|x86
		{83459FEE-697D-4BF6-9B5A-6795F4E04B09}.Debug|Any CPU.ActiveCfg = Debug|x86
		{83459FEE-697D-4BF6-9B5A-6795F4E04B09}.Debug|Mixed Platforms.ActiveCfg = Debug|x86
		{83459FEE-697D-4BF6-9B5A-6795F4E04B09}.Debug|x86.ActiveCfg = Debug|x86
		{83459FEE-697D-4BF6-9B5A-6795F4E04B09}.Release|Any CPU.ActiveCfg = Release|x86
		{83459FEE-697D-4BF6-9B5A-6795F4E04B09}.Release|Mixed Platforms.ActiveCfg = Release|x86
		{83459FEE-697D-4BF6-9B5A-6795F4E04B09}.Release|x86.ActiveCfg = Release|x86
	EndGlobalSection
	GlobalSection(SolutionProperties) = preSolution
		HideSolutionNode = FALSE
	EndGlobalSection
EndGlobal
